
Microsoft Visual Studio Solution File, Format Version 12.00
# Visual Studio Version 17
VisualStudioVersion = 17.7.34024.191
MinimumVisualStudioVersion = 10.0.40219.1
Project("{9A19103F-16F7-4668-BE54-9A1E7A4F7556}") = "Bunit.Demo", "Bunit.Demo\Bunit.Demo.csproj", "{14931283-4A27-4858-81F9-E5CE5F538EAC}"
EndProject
Project("{9A19103F-16F7-4668-BE54-9A1E7A4F7556}") = "Bunit.Demo.Tests", "Bunit.Demo.Tests\Bunit.Demo.Tests.csproj", "{57DF3A8A-DBB3-4C7C-A096-797E190F27A3}"
EndProject
Global
	GlobalSection(SolutionConfigurationPlatforms) = preSolution
		Debug|Any CPU = Debug|Any CPU
		Release|Any CPU = Release|Any CPU
	EndGlobalSection
	GlobalSection(ProjectConfigurationPlatforms) = postSolution
		{14931283-4A27-4858-81F9-E5CE5F538EAC}.Debug|Any CPU.ActiveCfg = Debug|Any CPU
		{14931283-4A27-4858-81F9-E5CE5F538EAC}.Debug|Any CPU.Build.0 = Debug|Any CPU
		{14931283-4A27-4858-81F9-E5CE5F538EAC}.Release|Any CPU.ActiveCfg = Release|Any CPU
		{14931283-4A27-4858-81F9-E5CE5F538EAC}.Release|Any CPU.Build.0 = Release|Any CPU
		{57DF3A8A-DBB3-4C7C-A096-797E190F27A3}.Debug|Any CPU.ActiveCfg = Debug|Any CPU
		{57DF3A8A-DBB3-4C7C-A096-797E190F27A3}.Debug|Any CPU.Build.0 = Debug|Any CPU
		{57DF3A8A-DBB3-4C7C-A096-797E190F27A3}.Release|Any CPU.ActiveCfg = Release|Any CPU
		{57DF3A8A-DBB3-4C7C-A096-797E190F27A3}.Release|Any CPU.Build.0 = Release|Any CPU
	EndGlobalSection
	GlobalSection(SolutionProperties) = preSolution
		HideSolutionNode = FALSE
	EndGlobalSection
	GlobalSection(ExtensibilityGlobals) = postSolution
		SolutionGuid = {5F6A984C-76EF-4060-963C-1408D438D6E4}
	EndGlobalSection
EndGlobal
